
Microsoft Visual Studio Solution File, Format Version 12.00
# Visual Studio 14
VisualStudioVersion = 14.0.25420.1
MinimumVisualStudioVersion = 10.0.40219.1
Project("{E24C65DC-7377-472B-9ABA-BC803B73C61A}") = "BuildingManage58", "F:\记事本\WebSit\BuildingManage58\", "{CE5EE616-55F9-41A0-BD27-B70A7CAE46EC}"
	ProjectSection(WebsiteProperties) = preProject
		TargetFrameworkMoniker = ".NETFramework,Version%3Dv4.0"
		Debug.AspNetCompiler.VirtualPath = "/localhost_24125"
		Debug.AspNetCompiler.PhysicalPath = "..\BuildingManage58\"
		Debug.AspNetCompiler.TargetPath = "PrecompiledWeb\localhost_24125\"
		Debug.AspNetCompiler.Updateable = "true"
		Debug.AspNetCompiler.ForceOverwrite = "true"
		Debug.AspNetCompiler.FixedNames = "false"
		Debug.AspNetCompiler.Debug = "True"
		Release.AspNetCompiler.VirtualPath = "/localhost_24125"
		Release.AspNetCompiler.PhysicalPath = "..\BuildingManage58\"
		Release.AspNetCompiler.TargetPath = "PrecompiledWeb\localhost_24125\"
		Release.AspNetCompiler.Updateable = "true"
		Release.AspNetCompiler.ForceOverwrite = "true"
		Release.AspNetCompiler.FixedNames = "false"
		Release.AspNetCompiler.Debug = "False"
		VWDPort = "24125"
		SlnRelativePath = "..\BuildingManage58\"
	EndProjectSection
EndProject
Global
	GlobalSection(SolutionConfigurationPlatforms) = preSolution
		Debug|Any CPU = Debug|Any CPU
	EndGlobalSection
	GlobalSection(ProjectConfigurationPlatforms) = postSolution
		{CE5EE616-55F9-41A0-BD27-B70A7CAE46EC}.Debug|Any CPU.ActiveCfg = Debug|Any CPU
		{CE5EE616-55F9-41A0-BD27-B70A7CAE46EC}.Debug|Any CPU.Build.0 = Debug|Any CPU
	EndGlobalSection
	GlobalSection(SolutionProperties) = preSolution
		HideSolutionNode = FALSE
	EndGlobalSection
EndGlobal
